Microsoft Visual Studio Solution File, Format Version 11.00
# Visual Studio 2008

Project("{E26FC334-39EE-3E5F-59A8-630D0A939227}") = "Lone", "Assembly-CSharp-firstpass.csproj", "{B119E91B-3216-369B-FDA6-D77DA46B8363}"
EndProject
Project("{E26FC334-39EE-3E5F-59A8-630D0A939227}") = "Lone", "Assembly-CSharp.csproj", "{BFB7D7E6-DA31-E185-46F8-2C3C23A31C21}"
EndProject
Project("{E26FC334-39EE-3E5F-59A8-630D0A939227}") = "Lone", "Assembly-CSharp-Editor.csproj", "{680B6466-2C9E-60DD-A4FD-44895CE62B39}"
EndProject
Global
	GlobalSection(SolutionConfigurationPlatforms) = preSolution
		Debug|Any CPU = Debug|Any CPU
		Release|Any CPU = Release|Any CPU
	EndGlobalSection
	GlobalSection(ProjectConfigurationPlatforms) = postSolution
		{B119E91B-3216-369B-FDA6-D77DA46B8363}.Debug|Any CPU.ActiveCfg = Debug|Any CPU
		{B119E91B-3216-369B-FDA6-D77DA46B8363}.Debug|Any CPU.Build.0 = Debug|Any CPU
		{B119E91B-3216-369B-FDA6-D77DA46B8363}.Release|Any CPU.ActiveCfg = Release|Any CPU
		{B119E91B-3216-369B-FDA6-D77DA46B8363}.Release|Any CPU.Build.0 = Release|Any CPU
		{BFB7D7E6-DA31-E185-46F8-2C3C23A31C21}.Debug|Any CPU.ActiveCfg = Debug|Any CPU
		{BFB7D7E6-DA31-E185-46F8-2C3C23A31C21}.Debug|Any CPU.Build.0 = Debug|Any CPU
		{BFB7D7E6-DA31-E185-46F8-2C3C23A31C21}.Release|Any CPU.ActiveCfg = Release|Any CPU
		{BFB7D7E6-DA31-E185-46F8-2C3C23A31C21}.Release|Any CPU.Build.0 = Release|Any CPU
		{680B6466-2C9E-60DD-A4FD-44895CE62B39}.Debug|Any CPU.ActiveCfg = Debug|Any CPU
		{680B6466-2C9E-60DD-A4FD-44895CE62B39}.Debug|Any CPU.Build.0 = Debug|Any CPU
		{680B6466-2C9E-60DD-A4FD-44895CE62B39}.Release|Any CPU.ActiveCfg = Release|Any CPU
		{680B6466-2C9E-60DD-A4FD-44895CE62B39}.Release|Any CPU.Build.0 = Release|Any CPU
	EndGlobalSection
	GlobalSection(SolutionProperties) = preSolution
		HideSolutionNode = FALSE
	EndGlobalSection
	GlobalSection(MonoDevelopProperties) = preSolution
		StartupItem = Assembly-CSharp.csproj
	EndGlobalSection
EndGlobal
